
Microsoft Visual Studio Solution File, Format Version 12.00
# Visual Studio Version 17
VisualStudioVersion = 17.1.32228.430
MinimumVisualStudioVersion = 10.0.40219.1
Project("{FAE04EC0-301F-11D3-BF4B-00C04F79EFBC}") = "pjControlRegistroEstacionamiento", "pjControlRegistroEstacionamiento\pjControlRegistroEstacionamiento.csproj", "{B2A25556-6C3F-43F1-86AF-7270A06925AD}"
EndProject
Global
	GlobalSection(SolutionConfigurationPlatforms) = preSolution
		Debug|Any CPU = Debug|Any CPU
		Release|Any CPU = Release|Any CPU
	EndGlobalSection
	GlobalSection(ProjectConfigurationPlatforms) = postSolution
		{B2A25556-6C3F-43F1-86AF-7270A06925AD}.Debug|Any CPU.ActiveCfg = Debug|Any CPU
		{B2A25556-6C3F-43F1-86AF-7270A06925AD}.Debug|Any CPU.Build.0 = Debug|Any CPU
		{B2A25556-6C3F-43F1-86AF-7270A06925AD}.Release|Any CPU.ActiveCfg = Release|Any CPU
		{B2A25556-6C3F-43F1-86AF-7270A06925AD}.Release|Any CPU.Build.0 = Release|Any CPU
	EndGlobalSection
	GlobalSection(SolutionProperties) = preSolution
		HideSolutionNode = FALSE
	EndGlobalSection
	GlobalSection(ExtensibilityGlobals) = postSolution
		SolutionGuid = {EF6F8C73-C49B-4951-9877-9367F22CE0C4}
	EndGlobalSection
EndGlobal
